
Microsoft Visual Studio Solution File, Format Version 12.00
# Visual Studio Version 16
VisualStudioVersion = 16.0.31112.23
MinimumVisualStudioVersion = 10.0.40219.1
Project("{FAE04EC0-301F-11D3-BF4B-00C04F79EFBC}") = "ClassLibrary1", "ClassLibrary1\ClassLibrary1.csproj", "{A4FBD857-4191-4D38-B944-7C7BA604F427}"
EndProject
Global
	GlobalSection(SolutionConfigurationPlatforms) = preSolution
		Debug|Any CPU = Debug|Any CPU
		Release|Any CPU = Release|Any CPU
	EndGlobalSection
	GlobalSection(ProjectConfigurationPlatforms) = postSolution
		{A4FBD857-4191-4D38-B944-7C7BA604F427}.Debug|Any CPU.ActiveCfg = Debug|Any CPU
		{A4FBD857-4191-4D38-B944-7C7BA604F427}.Debug|Any CPU.Build.0 = Debug|Any CPU
		{A4FBD857-4191-4D38-B944-7C7BA604F427}.Release|Any CPU.ActiveCfg = Release|Any CPU
		{A4FBD857-4191-4D38-B944-7C7BA604F427}.Release|Any CPU.Build.0 = Release|Any CPU
	EndGlobalSection
	GlobalSection(SolutionProperties) = preSolution
		HideSolutionNode = FALSE
	EndGlobalSection
	GlobalSection(ExtensibilityGlobals) = postSolution
		SolutionGuid = {5DC987B6-F098-424A-9619-13EC4775F3C0}
	EndGlobalSection
EndGlobal
