
Microsoft Visual Studio Solution File, Format Version 12.00
# Visual Studio Version 16
VisualStudioVersion = 16.0.31112.23
MinimumVisualStudioVersion = 10.0.40219.1
Project("{FAE04EC0-301F-11D3-BF4B-00C04F79EFBC}") = "ClassLibrary4", "ClassLibrary4\ClassLibrary4.csproj", "{64695548-A79E-46F4-9A13-34AFC3F9A097}"
EndProject
Global
	GlobalSection(SolutionConfigurationPlatforms) = preSolution
		Debug|Any CPU = Debug|Any CPU
		Release|Any CPU = Release|Any CPU
	EndGlobalSection
	GlobalSection(ProjectConfigurationPlatforms) = postSolution
		{64695548-A79E-46F4-9A13-34AFC3F9A097}.Debug|Any CPU.ActiveCfg = Debug|Any CPU
		{64695548-A79E-46F4-9A13-34AFC3F9A097}.Debug|Any CPU.Build.0 = Debug|Any CPU
		{64695548-A79E-46F4-9A13-34AFC3F9A097}.Release|Any CPU.ActiveCfg = Release|Any CPU
		{64695548-A79E-46F4-9A13-34AFC3F9A097}.Release|Any CPU.Build.0 = Release|Any CPU
	EndGlobalSection
	GlobalSection(SolutionProperties) = preSolution
		HideSolutionNode = FALSE
	EndGlobalSection
	GlobalSection(ExtensibilityGlobals) = postSolution
		SolutionGuid = {E9E5F2F0-43DC-4115-8CEA-4729DD1C6FE9}
	EndGlobalSection
EndGlobal
